// !$*UTF8*$!
{
	archiveVersion = 1;
	classes = {
	};
	objectVersion = 46;
	objects = {

/* Begin PBXBuildFile section */
		BE784C5618AC1BC800626D0D /* main.c in Sources */ = {isa = PBXBuildFile; fileRef = BE784C5518AC1BC800626D0D /* main.c */; };
		BE784C5818AC1BC800626D0D /* ClassCertificates.1 in CopyFiles */ = {isa = PBXBuildFile; fileRef = BE784C5718AC1BC800626D0D /* ClassCertificates.1 */; };
/* End PBXBuildFile section */

/* Begin PBXCopyFilesBuildPhase section */
		BE784C5018AC1BC800626D0D /* CopyFiles */ = {
			isa = PBXCopyFilesBuildPhase;
			buildActionMask = 2147483647;
			dstPath = /usr/share/man/man1/;
			dstSubfolderSpec = 0;
			files = (
				BE784C5818AC1BC800626D0D /* ClassCertificates.1 in CopyFiles */,
			);
			runOnlyForDeploymentPostprocessing = 1;
		};
/* End PBXCopyFilesBuildPhase section */

/* Begin PBXFileReference section */
		BE56FE2718AC205600642A17 /* README.md */ = {isa = PBXFileReference; fileEncoding = 4; lastKnownFileType = text; path = README.md; sourceTree = SOURCE_ROOT; };
		BE784C5218AC1BC800626D0D /* ClassCertificates */ = {isa = PBXFileReference; explicitFileType = "compiled.mach-o.executable"; includeInIndex = 0; path = ClassCertificates; sourceTree = BUILT_PRODUCTS_DIR; };
		BE784C5518AC1BC800626D0D /* main.c */ = {isa = PBXFileReference; lastKnownFileType = sourcecode.c.c; path = main.c; sourceTree = "<group>"; };
		BE784C5718AC1BC800626D0D /* ClassCertificates.1 */ = {isa = PBXFileReference; lastKnownFileType = text.man; path = ClassCertificates.1; sourceTree = "<group>"; };
/* End PBXFileReference section */

/* Begin PBXFrameworksBuildPhase section */
		BE784C4F18AC1BC800626D0D /* Frameworks */ = {
			isa = PBXFrameworksBuildPhase;
			buildActionMask = 2147483647;
			files = (
			);
			runOnlyForDeploymentPostprocessing = 0;
		};
/* End PBXFrameworksBuildPhase section */

/* Begin PBXGroup section */
		BE784C4918AC1BC800626D0D = {
			isa = PBXGroup;
			children = (
				BE784C5418AC1BC800626D0D /* ClassCertificates */,
				BE784C5318AC1BC800626D0D /* Products */,
			);
			sourceTree = "<group>";
		};
		BE784C5318AC1BC800626D0D /* Products */ = {
			isa = PBXGroup;
			children = (
				BE784C5218AC1BC800626D0D /* ClassCertificates */,
			);
			name = Products;
			sourceTree = "<group>";
		};
		BE784C5418AC1BC800626D0D /* ClassCertificates */ = {
			isa = PBXGroup;
			children = (
				BE784C5518AC1BC800626D0D /* main.c */,
				BE56FE2718AC205600642A17 /* README.md */,
				BE784C5718AC1BC800626D0D /* ClassCertificates.1 */,
			);
			path = ClassCertificates;
			sourceTree = "<group>";
		};
/* End PBXGroup section */

/* Begin PBXNativeTarget section */
		BE784C5118AC1BC800626D0D /* ClassCertificates */ = {
			isa = PBXNativeTarget;
			buildConfigurationList = BE784C5B18AC1BC800626D0D /* Build configuration list for PBXNativeTarget "ClassCertificates" */;
			buildPhases = (
				BE784C4E18AC1BC800626D0D /* Sources */,
				BE784C4F18AC1BC800626D0D /* Frameworks */,
				BE784C5018AC1BC800626D0D /* CopyFiles */,
			);
			buildRules = (
			);
			dependencies = (
			);
			name = ClassCertificates;
			productName = ClassCertificates;
			productReference = BE784C5218AC1BC800626D0D /* ClassCertificates */;
			productType = "com.apple.product-type.tool";
		};
/* End PBXNativeTarget section */

/* Begin PBXProject section */
		BE784C4A18AC1BC800626D0D /* Project object */ = {
			isa = PBXProject;
			attributes = {
				LastUpgradeCheck = 0500;
				ORGANIZATIONNAME = "Ken Swain";
			};
			buildConfigurationList = BE784C4D18AC1BC800626D0D /* Build configuration list for PBXProject "ClassCertificates" */;
			compatibilityVersion = "Xcode 3.2";
			developmentRegion = English;
			hasScannedForEncodings = 0;
			knownRegions = (
				en,
			);
			mainGroup = BE784C4918AC1BC800626D0D;
			productRefGroup = BE784C5318AC1BC800626D0D /* Products */;
			projectDirPath = "";
			projectRoot = "";
			targets = (
				BE784C5118AC1BC800626D0D /* ClassCertificates */,
			);
		};
/* End PBXProject section */

/* Begin PBXSourcesBuildPhase section */
		BE784C4E18AC1BC800626D0D /* Sources */ = {
			isa = PBXSourcesBuildPhase;
			buildActionMask = 2147483647;
			files = (
				BE784C5618AC1BC800626D0D /* main.c in Sources */,
			);
			runOnlyForDeploymentPostprocessing = 0;
		};
/* End PBXSourcesBuildPhase section */

/* Begin XCBuildConfiguration section */
		BE784C5918AC1BC800626D0D /* Debug */ = {
			isa = XCBuildConfiguration;
			buildSettings = {
				ALWAYS_SEARCH_USER_PATHS = NO;
				CLANG_CXX_LANGUAGE_STANDARD = "gnu++0x";
				CLANG_CXX_LIBRARY = "libc++";
				CLANG_ENABLE_OBJC_ARC = YES;
				CLANG_WARN_BOOL_CONVERSION = YES;
				CLANG_WARN_CONSTANT_CONVERSION = YES;
				CLANG_WARN_DIRECT_OBJC_ISA_USAGE = YES_ERROR;
				CLANG_WARN_EMPTY_BODY = YES;
				CLANG_WARN_ENUM_CONVERSION = YES;
				CLANG_WARN_INT_CONVERSION = YES;
				CLANG_WARN_OBJC_ROOT_CLASS = YES_ERROR;
				CLANG_WARN__DUPLICATE_METHOD_MATCH = YES;
				COPY_PHASE_STRIP = NO;
				GCC_C_LANGUAGE_STANDARD = gnu99;
				GCC_DYNAMIC_NO_PIC = NO;
				GCC_ENABLE_OBJC_EXCEPTIONS = YES;
				GCC_OPTIMIZATION_LEVEL = 0;
				GCC_PREPROCESSOR_DEFINITIONS = (
					"DEBUG=1",
					"$(inherited)",
				);
				GCC_SYMBOLS_PRIVATE_EXTERN = NO;
				GCC_WARN_64_TO_32_BIT_CONVERSION = YES;
				GCC_WARN_ABOUT_RETURN_TYPE = YES_ERROR;
				GCC_WARN_UNDECLARED_SELECTOR = YES;
				GCC_WARN_UNINITIALIZED_AUTOS = YES;
				GCC_WARN_UNUSED_FUNCTION = YES;
				GCC_WARN_UNUSED_VARIABLE = YES;
				MACOSX_DEPLOYMENT_TARGET = 10.9;
				ONLY_ACTIVE_ARCH = YES;
				SDKROOT = macosx;
			};
			name = Debug;
		};
		BE784C5A18AC1BC800626D0D /* Release */ = {
			isa = XCBuildConfiguration;
			buildSettings = {
				ALWAYS_SEARCH_USER_PATHS = NO;
				CLANG_CXX_LANGUAGE_STANDARD = "gnu++0x";
				CLANG_CXX_LIBRARY = "libc++";
				CLANG_ENABLE_OBJC_ARC = YES;
				CLANG_WARN_BOOL_CONVERSION = YES;
				CLANG_WARN_CONSTANT_CONVERSION = YES;
				CLANG_WARN_DIRECT_OBJC_ISA_USAGE = YES_ERROR;
				CLANG_WARN_EMPTY_BODY = YES;
				CLANG_WARN_ENUM_CONVERSION = YES;
				CLANG_WARN_INT_CONVERSION = YES;
				CLANG_WARN_OBJC_ROOT_CLASS = YES_ERROR;
				CLANG_WARN__DUPLICATE_METHOD_MATCH = YES;
				COPY_PHASE_STRIP = YES;
				DEBUG_INFORMATION_FORMAT = "dwarf-with-dsym";
				ENABLE_NS_ASSERTIONS = NO;
				GCC_C_LANGUAGE_STANDARD = gnu99;
				GCC_ENABLE_OBJC_EXCEPTIONS = YES;
				GCC_WARN_64_TO_32_BIT_CONVERSION = YES;
				GCC_WARN_ABOUT_RETURN_TYPE = YES_ERROR;
				GCC_WARN_UNDECLARED_SELECTOR = YES;
				GCC_WARN_UNINITIALIZED_AUTOS = YES;
				GCC_WARN_UNUSED_FUNCTION = YES;
				GCC_WARN_UNUSED_VARIABLE = YES;
				MACOSX_DEPLOYMENT_TARGET = 10.9;
				SDKROOT = macosx;
			};
			name = Release;
		};
		BE784C5C18AC1BC800626D0D /* Debug */ = {
			isa = XCBuildConfiguration;
			buildSettings = {
				PRODUCT_NAME = "$(TARGET_NAME)";
			};
			name = Debug;
		};
		BE784C5D18AC1BC800626D0D /* Release */ = {
			isa = XCBuildConfiguration;
			buildSettings = {
				PRODUCT_NAME = "$(TARGET_NAME)";
			};
			name = Release;
		};
/* End XCBuildConfiguration section */

/* Begin XCConfigurationList section */
		BE784C4D18AC1BC800626D0D /* Build configuration list for PBXProject "ClassCertificates" */ = {
			isa = XCConfigurationList;
			buildConfigurations = (
				BE784C5918AC1BC800626D0D /* Debug */,
				BE784C5A18AC1BC800626D0D /* Release */,
			);
			defaultConfigurationIsVisible = 0;
			defaultConfigurationName = Release;
		};
		BE784C5B18AC1BC800626D0D /* Build configuration list for PBXNativeTarget "ClassCertificates" */ = {
			isa = XCConfigurationList;
			buildConfigurations = (
				BE784C5C18AC1BC800626D0D /* Debug */,
				BE784C5D18AC1BC800626D0D /* Release */,
			);
			defaultConfigurationIsVisible = 0;
			defaultConfigurationName = Release;
		};
/* End XCConfigurationList section */
	};
	rootObject = BE784C4A18AC1BC800626D0D /* Project object */;
}
